// !$*UTF8*$!
{
	archiveVersion = 1;
	classes = {
	};
	objectVersion = 56;
	objects = {

/* Begin PBXBuildFile section */
		A904B9B42B9F43C900820AE5 /* FavoriteView.swift in Sources */ = {isa = PBXBuildFile; fileRef = A904B9B32B9F43C900820AE5 /* FavoriteView.swift */; };
		A92B78EA2B8F619E003FEF15 /* ScanResultThreat.swift in Sources */ = {isa = PBXBuildFile; fileRef = A92B78E92B8F619E003FEF15 /* ScanResultThreat.swift */; };
		A94C77FF2B738FCC00430A54 /* PulseApp.swift in Sources */ = {isa = PBXBuildFile; fileRef = A94C77FE2B738FCC00430A54 /* PulseApp.swift */; };
		A94C78012B738FCC00430A54 /* ContentView.swift in Sources */ = {isa = PBXBuildFile; fileRef = A94C78002B738FCC00430A54 /* ContentView.swift */; };
		A94C78032B738FCD00430A54 /* Assets.xcassets in Resources */ = {isa = PBXBuildFile; fileRef = A94C78022B738FCD00430A54 /* Assets.xcassets */; };
		A94C78062B738FCD00430A54 /* Preview Assets.xcassets in Resources */ = {isa = PBXBuildFile; fileRef = A94C78052B738FCD00430A54 /* Preview Assets.xcassets */; };
		A94C78102B73907800430A54 /* AnalyzeView.swift in Sources */ = {isa = PBXBuildFile; fileRef = A94C780F2B73907800430A54 /* AnalyzeView.swift */; };
		A94C78122B73909200430A54 /* ExploreView.swift in Sources */ = {isa = PBXBuildFile; fileRef = A94C78112B73909200430A54 /* ExploreView.swift */; };
		A94C78152B73B76600430A54 /* PulseRepository.swift in Sources */ = {isa = PBXBuildFile; fileRef = A94C78142B73B76600430A54 /* PulseRepository.swift */; };
		A94C78182B73B7C000430A54 /* HTTPError.swift in Sources */ = {isa = PBXBuildFile; fileRef = A94C78172B73B7C000430A54 /* HTTPError.swift */; };
		A94C781B2B73B9B600430A54 /* ScanResult.swift in Sources */ = {isa = PBXBuildFile; fileRef = A94C781A2B73B9B600430A54 /* ScanResult.swift */; };
		A94C781E2B73BE2500430A54 /* PulseViewModel.swift in Sources */ = {isa = PBXBuildFile; fileRef = A94C781D2B73BE2500430A54 /* PulseViewModel.swift */; };
		A94C78202B73C36C00430A54 /* ScanData.swift in Sources */ = {isa = PBXBuildFile; fileRef = A94C781F2B73C36C00430A54 /* ScanData.swift */; };
		A94C78222B73C51100430A54 /* RiskFactor.swift in Sources */ = {isa = PBXBuildFile; fileRef = A94C78212B73C51100430A54 /* RiskFactor.swift */; };
		A94C78242B73C62600430A54 /* Attribute.swift in Sources */ = {isa = PBXBuildFile; fileRef = A94C78232B73C62600430A54 /* Attribute.swift */; };
		A94C78262B75126D00430A54 /* ScanResultDetailView.swift in Sources */ = {isa = PBXBuildFile; fileRef = A94C78252B75126D00430A54 /* ScanResultDetailView.swift */; };
		A94C78292B7A2E7D00430A54 /* Threat.swift in Sources */ = {isa = PBXBuildFile; fileRef = A94C78282B7A2E7D00430A54 /* Threat.swift */; };
		A94C782B2B7A648F00430A54 /* ThreatListItemView.swift in Sources */ = {isa = PBXBuildFile; fileRef = A94C782A2B7A648F00430A54 /* ThreatListItemView.swift */; };
		A94C782F2B7B9C4000430A54 /* ThreatAttribute.swift in Sources */ = {isa = PBXBuildFile; fileRef = A94C782E2B7B9C4000430A54 /* ThreatAttribute.swift */; };
		A94C78312B7B9F4D00430A54 /* ThreatDetailView.swift in Sources */ = {isa = PBXBuildFile; fileRef = A94C78302B7B9F4D00430A54 /* ThreatDetailView.swift */; };
		A94C78482B7E379300430A54 /* FeedListItemView.swift in Sources */ = {isa = PBXBuildFile; fileRef = A94C78472B7E379300430A54 /* FeedListItemView.swift */; };
		A94C784B2B7E4EA900430A54 /* WebView.swift in Sources */ = {isa = PBXBuildFile; fileRef = A94C784A2B7E4EA900430A54 /* WebView.swift */; };
		A94C784D2B839D6C00430A54 /* GoogleService-Info.plist in Resources */ = {isa = PBXBuildFile; fileRef = A94C784C2B839D6C00430A54 /* GoogleService-Info.plist */; };
		A94C78502B839DBE00430A54 /* FirebaseAnalytics in Frameworks */ = {isa = PBXBuildFile; productRef = A94C784F2B839DBE00430A54 /* FirebaseAnalytics */; };
		A94C78522B839DBE00430A54 /* FirebaseAnalyticsOnDeviceConversion in Frameworks */ = {isa = PBXBuildFile; productRef = A94C78512B839DBE00430A54 /* FirebaseAnalyticsOnDeviceConversion */; };
		A94C78542B839DBE00430A54 /* FirebaseAnalyticsSwift in Frameworks */ = {isa = PBXBuildFile; productRef = A94C78532B839DBE00430A54 /* FirebaseAnalyticsSwift */; };
		A94C78562B839DBE00430A54 /* FirebaseAnalyticsWithoutAdIdSupport in Frameworks */ = {isa = PBXBuildFile; productRef = A94C78552B839DBE00430A54 /* FirebaseAnalyticsWithoutAdIdSupport */; };
		A94C78582B839DBE00430A54 /* FirebaseAppCheck in Frameworks */ = {isa = PBXBuildFile; productRef = A94C78572B839DBE00430A54 /* FirebaseAppCheck */; };
		A94C785A2B839FAC00430A54 /* UserViewModel.swift in Sources */ = {isa = PBXBuildFile; fileRef = A94C78592B839FAC00430A54 /* UserViewModel.swift */; };
		A94C785C2B839FFE00430A54 /* FirebaseAnalytics in Frameworks */ = {isa = PBXBuildFile; productRef = A94C785B2B839FFE00430A54 /* FirebaseAnalytics */; };
		A94C785E2B839FFE00430A54 /* FirebaseAnalyticsOnDeviceConversion in Frameworks */ = {isa = PBXBuildFile; productRef = A94C785D2B839FFE00430A54 /* FirebaseAnalyticsOnDeviceConversion */; };
		A94C78602B839FFE00430A54 /* FirebaseAnalyticsSwift in Frameworks */ = {isa = PBXBuildFile; productRef = A94C785F2B839FFE00430A54 /* FirebaseAnalyticsSwift */; };
		A94C78622B839FFE00430A54 /* FirebaseAnalyticsWithoutAdIdSupport in Frameworks */ = {isa = PBXBuildFile; productRef = A94C78612B839FFE00430A54 /* FirebaseAnalyticsWithoutAdIdSupport */; };
		A94C78642B839FFE00430A54 /* FirebaseAppCheck in Frameworks */ = {isa = PBXBuildFile; productRef = A94C78632B839FFE00430A54 /* FirebaseAppCheck */; };
		A94C78662B839FFE00430A54 /* FirebaseAppDistribution-Beta in Frameworks */ = {isa = PBXBuildFile; productRef = A94C78652B839FFE00430A54 /* FirebaseAppDistribution-Beta */; };
		A94C78682B839FFE00430A54 /* FirebaseAuth in Frameworks */ = {isa = PBXBuildFile; productRef = A94C78672B839FFE00430A54 /* FirebaseAuth */; };
		A94C786A2B839FFE00430A54 /* FirebaseAuthCombine-Community in Frameworks */ = {isa = PBXBuildFile; productRef = A94C78692B839FFE00430A54 /* FirebaseAuthCombine-Community */; };
		A94C786C2B839FFE00430A54 /* FirebaseCrashlytics in Frameworks */ = {isa = PBXBuildFile; productRef = A94C786B2B839FFE00430A54 /* FirebaseCrashlytics */; };
		A94C786E2B839FFE00430A54 /* FirebaseDatabase in Frameworks */ = {isa = PBXBuildFile; productRef = A94C786D2B839FFE00430A54 /* FirebaseDatabase */; };
		A94C78702B839FFE00430A54 /* FirebaseDatabaseSwift in Frameworks */ = {isa = PBXBuildFile; productRef = A94C786F2B839FFE00430A54 /* FirebaseDatabaseSwift */; };
		A94C78732B83A03E00430A54 /* FireUser.swift in Sources */ = {isa = PBXBuildFile; fileRef = A94C78722B83A03E00430A54 /* FireUser.swift */; };
		A94C78762B83A08600430A54 /* FirebaseManager.swift in Sources */ = {isa = PBXBuildFile; fileRef = A94C78752B83A08600430A54 /* FirebaseManager.swift */; };
		A94C78782B83A11F00430A54 /* FirebaseAnalytics in Frameworks */ = {isa = PBXBuildFile; productRef = A94C78772B83A11F00430A54 /* FirebaseAnalytics */; };
		A94C787A2B83A11F00430A54 /* FirebaseAnalyticsOnDeviceConversion in Frameworks */ = {isa = PBXBuildFile; productRef = A94C78792B83A11F00430A54 /* FirebaseAnalyticsOnDeviceConversion */; };
		A94C787C2B83A11F00430A54 /* FirebaseAnalyticsSwift in Frameworks */ = {isa = PBXBuildFile; productRef = A94C787B2B83A11F00430A54 /* FirebaseAnalyticsSwift */; };
		A94C787E2B83A11F00430A54 /* FirebaseAnalyticsWithoutAdIdSupport in Frameworks */ = {isa = PBXBuildFile; productRef = A94C787D2B83A11F00430A54 /* FirebaseAnalyticsWithoutAdIdSupport */; };
		A94C78802B83A11F00430A54 /* FirebaseAppCheck in Frameworks */ = {isa = PBXBuildFile; productRef = A94C787F2B83A11F00430A54 /* FirebaseAppCheck */; };
		A94C78822B83A11F00430A54 /* FirebaseAppDistribution-Beta in Frameworks */ = {isa = PBXBuildFile; productRef = A94C78812B83A11F00430A54 /* FirebaseAppDistribution-Beta */; };
		A94C78842B83A11F00430A54 /* FirebaseAuth in Frameworks */ = {isa = PBXBuildFile; productRef = A94C78832B83A11F00430A54 /* FirebaseAuth */; };
		A94C78862B83A11F00430A54 /* FirebaseAuthCombine-Community in Frameworks */ = {isa = PBXBuildFile; productRef = A94C78852B83A11F00430A54 /* FirebaseAuthCombine-Community */; };
		A94C78882B83A11F00430A54 /* FirebaseCrashlytics in Frameworks */ = {isa = PBXBuildFile; productRef = A94C78872B83A11F00430A54 /* FirebaseCrashlytics */; };
		A94C788A2B83A11F00430A54 /* FirebaseDatabase in Frameworks */ = {isa = PBXBuildFile; productRef = A94C78892B83A11F00430A54 /* FirebaseDatabase */; };
		A94C788C2B83A11F00430A54 /* FirebaseDatabaseSwift in Frameworks */ = {isa = PBXBuildFile; productRef = A94C788B2B83A11F00430A54 /* FirebaseDatabaseSwift */; };
		A94C788E2B83A11F00430A54 /* FirebaseDynamicLinks in Frameworks */ = {isa = PBXBuildFile; productRef = A94C788D2B83A11F00430A54 /* FirebaseDynamicLinks */; };
		A94C78902B83A11F00430A54 /* FirebaseFirestore in Frameworks */ = {isa = PBXBuildFile; productRef = A94C788F2B83A11F00430A54 /* FirebaseFirestore */; };
		A94C78922B83A11F00430A54 /* FirebaseFirestoreCombine-Community in Frameworks */ = {isa = PBXBuildFile; productRef = A94C78912B83A11F00430A54 /* FirebaseFirestoreCombine-Community */; };
		A94C78942B83A11F00430A54 /* FirebaseFirestoreSwift in Frameworks */ = {isa = PBXBuildFile; productRef = A94C78932B83A11F00430A54 /* FirebaseFirestoreSwift */; };
		A94C78962B83A11F00430A54 /* FirebaseFunctions in Frameworks */ = {isa = PBXBuildFile; productRef = A94C78952B83A11F00430A54 /* FirebaseFunctions */; };
		A94C78982B83A11F00430A54 /* FirebaseFunctionsCombine-Community in Frameworks */ = {isa = PBXBuildFile; productRef = A94C78972B83A11F00430A54 /* FirebaseFunctionsCombine-Community */; };
		A94C789A2B83A11F00430A54 /* FirebaseInAppMessaging-Beta in Frameworks */ = {isa = PBXBuildFile; productRef = A94C78992B83A11F00430A54 /* FirebaseInAppMessaging-Beta */; };
		A94C789C2B83A11F00430A54 /* FirebaseInAppMessagingSwift-Beta in Frameworks */ = {isa = PBXBuildFile; productRef = A94C789B2B83A11F00430A54 /* FirebaseInAppMessagingSwift-Beta */; };
		A94C789E2B83A11F00430A54 /* FirebaseInstallations in Frameworks */ = {isa = PBXBuildFile; productRef = A94C789D2B83A11F00430A54 /* FirebaseInstallations */; };
		A94C78A02B83A11F00430A54 /* FirebaseMLModelDownloader in Frameworks */ = {isa = PBXBuildFile; productRef = A94C789F2B83A11F00430A54 /* FirebaseMLModelDownloader */; };
		A94C78A22B83A11F00430A54 /* FirebaseMessaging in Frameworks */ = {isa = PBXBuildFile; productRef = A94C78A12B83A11F00430A54 /* FirebaseMessaging */; };
		A94C78A42B83A11F00430A54 /* FirebasePerformance in Frameworks */ = {isa = PBXBuildFile; productRef = A94C78A32B83A11F00430A54 /* FirebasePerformance */; };
		A94C78A72B83A18D00430A54 /* AuthenticationView.swift in Sources */ = {isa = PBXBuildFile; fileRef = A94C78A62B83A18D00430A54 /* AuthenticationView.swift */; };
		A94C78AA2B84959300430A54 /* SettingsView.swift in Sources */ = {isa = PBXBuildFile; fileRef = A94C78A92B84959300430A54 /* SettingsView.swift */; };
		A99EBB362B90887300F0B699 /* RedditFeed.swift in Sources */ = {isa = PBXBuildFile; fileRef = A99EBB352B90887300F0B699 /* RedditFeed.swift */; };
		A99EBB382B908AD600F0B699 /* Entry.swift in Sources */ = {isa = PBXBuildFile; fileRef = A99EBB372B908AD600F0B699 /* Entry.swift */; };
		A99EBB3A2B908B0600F0B699 /* Author.swift in Sources */ = {isa = PBXBuildFile; fileRef = A99EBB392B908B0600F0B699 /* Author.swift */; };
		A99EBB3D2B908C2400F0B699 /* XMLCoder in Frameworks */ = {isa = PBXBuildFile; productRef = A99EBB3C2B908C2400F0B699 /* XMLCoder */; };
		A99EBB3F2B908C4E00F0B699 /* RSSRepository.swift in Sources */ = {isa = PBXBuildFile; fileRef = A99EBB3E2B908C4E00F0B699 /* RSSRepository.swift */; };
		A99EBB412B908CEF00F0B699 /* RSSViewModel.swift in Sources */ = {isa = PBXBuildFile; fileRef = A99EBB402B908CEF00F0B699 /* RSSViewModel.swift */; };
		A99EBB432B90966500F0B699 /* RSSFeed.swift in Sources */ = {isa = PBXBuildFile; fileRef = A99EBB422B90966500F0B699 /* RSSFeed.swift */; };
		A99EBB452B90A1B900F0B699 /* EntryLink.swift in Sources */ = {isa = PBXBuildFile; fileRef = A99EBB442B90A1B900F0B699 /* EntryLink.swift */; };
		A99EBB482B90B16700F0B699 /* RSS.swift in Sources */ = {isa = PBXBuildFile; fileRef = A99EBB472B90B16700F0B699 /* RSS.swift */; };
		A99EBB4A2B90B18E00F0B699 /* Channel.swift in Sources */ = {isa = PBXBuildFile; fileRef = A99EBB492B90B18E00F0B699 /* Channel.swift */; };
		A99EBB4C2B90B1D400F0B699 /* Item.swift in Sources */ = {isa = PBXBuildFile; fileRef = A99EBB4B2B90B1D400F0B699 /* Item.swift */; };
		A9CAD90D2B87723D0067D7E7 /* Util.swift in Sources */ = {isa = PBXBuildFile; fileRef = A9CAD90C2B87723D0067D7E7 /* Util.swift */; };
/* End PBXBuildFile section */

/* Begin PBXFileReference section */
		A904B9B32B9F43C900820AE5 /* FavoriteView.swift */ = {isa = PBXFileReference; lastKnownFileType = sourcecode.swift; path = FavoriteView.swift; sourceTree = "<group>"; };
		A92B78E92B8F619E003FEF15 /* ScanResultThreat.swift */ = {isa = PBXFileReference; lastKnownFileType = sourcecode.swift; path = ScanResultThreat.swift; sourceTree = "<group>"; };
		A94C77FB2B738FCC00430A54 /* Pulse.app */ = {isa = PBXFileReference; explicitFileType = wrapper.application; includeInIndex = 0; path = Pulse.app; sourceTree = BUILT_PRODUCTS_DIR; };
		A94C77FE2B738FCC00430A54 /* PulseApp.swift */ = {isa = PBXFileReference; lastKnownFileType = sourcecode.swift; path = PulseApp.swift; sourceTree = "<group>"; };
		A94C78002B738FCC00430A54 /* ContentView.swift */ = {isa = PBXFileReference; lastKnownFileType = sourcecode.swift; path = ContentView.swift; sourceTree = "<group>"; };
		A94C78022B738FCD00430A54 /* Assets.xcassets */ = {isa = PBXFileReference; lastKnownFileType = folder.assetcatalog; path = Assets.xcassets; sourceTree = "<group>"; };
		A94C78052B738FCD00430A54 /* Preview Assets.xcassets */ = {isa = PBXFileReference; lastKnownFileType = folder.assetcatalog; path = "Preview Assets.xcassets"; sourceTree = "<group>"; };
		A94C780F2B73907800430A54 /* AnalyzeView.swift */ = {isa = PBXFileReference; lastKnownFileType = sourcecode.swift; path = AnalyzeView.swift; sourceTree = "<group>"; };
		A94C78112B73909200430A54 /* ExploreView.swift */ = {isa = PBXFileReference; lastKnownFileType = sourcecode.swift; path = ExploreView.swift; sourceTree = "<group>"; };
		A94C78142B73B76600430A54 /* PulseRepository.swift */ = {isa = PBXFileReference; lastKnownFileType = sourcecode.swift; path = PulseRepository.swift; sourceTree = "<group>"; };
		A94C78172B73B7C000430A54 /* HTTPError.swift */ = {isa = PBXFileReference; lastKnownFileType = sourcecode.swift; path = HTTPError.swift; sourceTree = "<group>"; };
		A94C781A2B73B9B600430A54 /* ScanResult.swift */ = {isa = PBXFileReference; lastKnownFileType = sourcecode.swift; path = ScanResult.swift; sourceTree = "<group>"; };
		A94C781D2B73BE2500430A54 /* PulseViewModel.swift */ = {isa = PBXFileReference; lastKnownFileType = sourcecode.swift; path = PulseViewModel.swift; sourceTree = "<group>"; };
		A94C781F2B73C36C00430A54 /* ScanData.swift */ = {isa = PBXFileReference; lastKnownFileType = sourcecode.swift; path = ScanData.swift; sourceTree = "<group>"; };
		A94C78212B73C51100430A54 /* RiskFactor.swift */ = {isa = PBXFileReference; lastKnownFileType = sourcecode.swift; path = RiskFactor.swift; sourceTree = "<group>"; };
		A94C78232B73C62600430A54 /* Attribute.swift */ = {isa = PBXFileReference; lastKnownFileType = sourcecode.swift; path = Attribute.swift; sourceTree = "<group>"; };
		A94C78252B75126D00430A54 /* ScanResultDetailView.swift */ = {isa = PBXFileReference; lastKnownFileType = sourcecode.swift; path = ScanResultDetailView.swift; sourceTree = "<group>"; };
		A94C78282B7A2E7D00430A54 /* Threat.swift */ = {isa = PBXFileReference; lastKnownFileType = sourcecode.swift; path = Threat.swift; sourceTree = "<group>"; };
		A94C782A2B7A648F00430A54 /* ThreatListItemView.swift */ = {isa = PBXFileReference; lastKnownFileType = sourcecode.swift; path = ThreatListItemView.swift; sourceTree = "<group>"; };
		A94C782E2B7B9C4000430A54 /* ThreatAttribute.swift */ = {isa = PBXFileReference; lastKnownFileType = sourcecode.swift; path = ThreatAttribute.swift; sourceTree = "<group>"; };
		A94C78302B7B9F4D00430A54 /* ThreatDetailView.swift */ = {isa = PBXFileReference; lastKnownFileType = sourcecode.swift; path = ThreatDetailView.swift; sourceTree = "<group>"; };
		A94C78472B7E379300430A54 /* FeedListItemView.swift */ = {isa = PBXFileReference; lastKnownFileType = sourcecode.swift; path = FeedListItemView.swift; sourceTree = "<group>"; };
		A94C784A2B7E4EA900430A54 /* WebView.swift */ = {isa = PBXFileReference; lastKnownFileType = sourcecode.swift; path = WebView.swift; sourceTree = "<group>"; };
		A94C784C2B839D6C00430A54 /* GoogleService-Info.plist */ = {isa = PBXFileReference; fileEncoding = 4; lastKnownFileType = text.plist.xml; path = "GoogleService-Info.plist"; sourceTree = "<group>"; };
		A94C78592B839FAC00430A54 /* UserViewModel.swift */ = {isa = PBXFileReference; lastKnownFileType = sourcecode.swift; path = UserViewModel.swift; sourceTree = "<group>"; };
		A94C78722B83A03E00430A54 /* FireUser.swift */ = {isa = PBXFileReference; lastKnownFileType = sourcecode.swift; path = FireUser.swift; sourceTree = "<group>"; };
		A94C78752B83A08600430A54 /* FirebaseManager.swift */ = {isa = PBXFileReference; lastKnownFileType = sourcecode.swift; path = FirebaseManager.swift; sourceTree = "<group>"; };
		A94C78A62B83A18D00430A54 /* AuthenticationView.swift */ = {isa = PBXFileReference; lastKnownFileType = sourcecode.swift; path = AuthenticationView.swift; sourceTree = "<group>"; };
		A94C78A92B84959300430A54 /* SettingsView.swift */ = {isa = PBXFileReference; lastKnownFileType = sourcecode.swift; path = SettingsView.swift; sourceTree = "<group>"; };
		A99EBB352B90887300F0B699 /* RedditFeed.swift */ = {isa = PBXFileReference; lastKnownFileType = sourcecode.swift; path = RedditFeed.swift; sourceTree = "<group>"; };
		A99EBB372B908AD600F0B699 /* Entry.swift */ = {isa = PBXFileReference; lastKnownFileType = sourcecode.swift; path = Entry.swift; sourceTree = "<group>"; };
		A99EBB392B908B0600F0B699 /* Author.swift */ = {isa = PBXFileReference; lastKnownFileType = sourcecode.swift; path = Author.swift; sourceTree = "<group>"; };
		A99EBB3E2B908C4E00F0B699 /* RSSRepository.swift */ = {isa = PBXFileReference; lastKnownFileType = sourcecode.swift; path = RSSRepository.swift; sourceTree = "<group>"; };
		A99EBB402B908CEF00F0B699 /* RSSViewModel.swift */ = {isa = PBXFileReference; lastKnownFileType = sourcecode.swift; path = RSSViewModel.swift; sourceTree = "<group>"; };
		A99EBB422B90966500F0B699 /* RSSFeed.swift */ = {isa = PBXFileReference; lastKnownFileType = sourcecode.swift; path = RSSFeed.swift; sourceTree = "<group>"; };
		A99EBB442B90A1B900F0B699 /* EntryLink.swift */ = {isa = PBXFileReference; lastKnownFileType = sourcecode.swift; path = EntryLink.swift; sourceTree = "<group>"; };
		A99EBB472B90B16700F0B699 /* RSS.swift */ = {isa = PBXFileReference; lastKnownFileType = sourcecode.swift; path = RSS.swift; sourceTree = "<group>"; };
		A99EBB492B90B18E00F0B699 /* Channel.swift */ = {isa = PBXFileReference; lastKnownFileType = sourcecode.swift; path = Channel.swift; sourceTree = "<group>"; };
		A99EBB4B2B90B1D400F0B699 /* Item.swift */ = {isa = PBXFileReference; lastKnownFileType = sourcecode.swift; path = Item.swift; sourceTree = "<group>"; };
		A9CAD90C2B87723D0067D7E7 /* Util.swift */ = {isa = PBXFileReference; lastKnownFileType = sourcecode.swift; path = Util.swift; sourceTree = "<group>"; };
/* End PBXFileReference section */

/* Begin PBXFrameworksBuildPhase section */
		A94C77F82B738FCC00430A54 /* Frameworks */ = {
			isa = PBXFrameworksBuildPhase;
			buildActionMask = 2147483647;
			files = (
				A94C788A2B83A11F00430A54 /* FirebaseDatabase in Frameworks */,
				A94C786E2B839FFE00430A54 /* FirebaseDatabase in Frameworks */,
				A94C789C2B83A11F00430A54 /* FirebaseInAppMessagingSwift-Beta in Frameworks */,
				A94C789E2B83A11F00430A54 /* FirebaseInstallations in Frameworks */,
				A94C78542B839DBE00430A54 /* FirebaseAnalyticsSwift in Frameworks */,
				A94C78922B83A11F00430A54 /* FirebaseFirestoreCombine-Community in Frameworks */,
				A94C78502B839DBE00430A54 /* FirebaseAnalytics in Frameworks */,
				A94C789A2B83A11F00430A54 /* FirebaseInAppMessaging-Beta in Frameworks */,
				A94C78A22B83A11F00430A54 /* FirebaseMessaging in Frameworks */,
				A94C785C2B839FFE00430A54 /* FirebaseAnalytics in Frameworks */,
				A94C78802B83A11F00430A54 /* FirebaseAppCheck in Frameworks */,
				A94C786C2B839FFE00430A54 /* FirebaseCrashlytics in Frameworks */,
				A94C785E2B839FFE00430A54 /* FirebaseAnalyticsOnDeviceConversion in Frameworks */,
				A94C78862B83A11F00430A54 /* FirebaseAuthCombine-Community in Frameworks */,
				A94C78902B83A11F00430A54 /* FirebaseFirestore in Frameworks */,
				A94C78962B83A11F00430A54 /* FirebaseFunctions in Frameworks */,
				A94C78782B83A11F00430A54 /* FirebaseAnalytics in Frameworks */,
				A94C786A2B839FFE00430A54 /* FirebaseAuthCombine-Community in Frameworks */,
				A94C78942B83A11F00430A54 /* FirebaseFirestoreSwift in Frameworks */,
				A94C78822B83A11F00430A54 /* FirebaseAppDistribution-Beta in Frameworks */,
				A94C788C2B83A11F00430A54 /* FirebaseDatabaseSwift in Frameworks */,
				A94C78602B839FFE00430A54 /* FirebaseAnalyticsSwift in Frameworks */,
				A99EBB3D2B908C2400F0B699 /* XMLCoder in Frameworks */,
				A94C78702B839FFE00430A54 /* FirebaseDatabaseSwift in Frameworks */,
				A94C78A42B83A11F00430A54 /* FirebasePerformance in Frameworks */,
				A94C78A02B83A11F00430A54 /* FirebaseMLModelDownloader in Frameworks */,
				A94C78842B83A11F00430A54 /* FirebaseAuth in Frameworks */,
				A94C78982B83A11F00430A54 /* FirebaseFunctionsCombine-Community in Frameworks */,
				A94C78522B839DBE00430A54 /* FirebaseAnalyticsOnDeviceConversion in Frameworks */,
				A94C787E2B83A11F00430A54 /* FirebaseAnalyticsWithoutAdIdSupport in Frameworks */,
				A94C78582B839DBE00430A54 /* FirebaseAppCheck in Frameworks */,
				A94C788E2B83A11F00430A54 /* FirebaseDynamicLinks in Frameworks */,
				A94C787C2B83A11F00430A54 /* FirebaseAnalyticsSwift in Frameworks */,
				A94C78682B839FFE00430A54 /* FirebaseAuth in Frameworks */,
				A94C787A2B83A11F00430A54 /* FirebaseAnalyticsOnDeviceConversion in Frameworks */,
				A94C78622B839FFE00430A54 /* FirebaseAnalyticsWithoutAdIdSupport in Frameworks */,
				A94C78642B839FFE00430A54 /* FirebaseAppCheck in Frameworks */,
				A94C78882B83A11F00430A54 /* FirebaseCrashlytics in Frameworks */,
				A94C78662B839FFE00430A54 /* FirebaseAppDistribution-Beta in Frameworks */,
				A94C78562B839DBE00430A54 /* FirebaseAnalyticsWithoutAdIdSupport in Frameworks */,
			);
			runOnlyForDeploymentPostprocessing = 0;
		};
/* End PBXFrameworksBuildPhase section */

/* Begin PBXGroup section */
		A904B9B22B9F437400820AE5 /* Favorites */ = {
			isa = PBXGroup;
			children = (
				A904B9B32B9F43C900820AE5 /* FavoriteView.swift */,
			);
			path = Favorites;
			sourceTree = "<group>";
		};
		A94C77F22B738FCC00430A54 = {
			isa = PBXGroup;
			children = (
				A94C77FD2B738FCC00430A54 /* Pulse */,
				A94C77FC2B738FCC00430A54 /* Products */,
			);
			sourceTree = "<group>";
		};
		A94C77FC2B738FCC00430A54 /* Products */ = {
			isa = PBXGroup;
			children = (
				A94C77FB2B738FCC00430A54 /* Pulse.app */,
			);
			name = Products;
			sourceTree = "<group>";
		};
		A94C77FD2B738FCC00430A54 /* Pulse */ = {
			isa = PBXGroup;
			children = (
				A94C78742B83A07800430A54 /* Managers */,
				A94C784C2B839D6C00430A54 /* GoogleService-Info.plist */,
				A94C78492B7E4E9F00430A54 /* Utils */,
				A94C781C2B73BAD500430A54 /* ViewModels */,
				A94C78192B73B9AB00430A54 /* Models */,
				A94C78162B73B7B400430A54 /* Enums */,
				A94C78132B73B6E300430A54 /* Repositories */,
				A94C780C2B73904500430A54 /* Views */,
				A94C77FE2B738FCC00430A54 /* PulseApp.swift */,
				A94C78002B738FCC00430A54 /* ContentView.swift */,
				A94C78022B738FCD00430A54 /* Assets.xcassets */,
				A94C78042B738FCD00430A54 /* Preview Content */,
			);
			path = Pulse;
			sourceTree = "<group>";
		};
		A94C78042B738FCD00430A54 /* Preview Content */ = {
			isa = PBXGroup;
			children = (
				A94C78052B738FCD00430A54 /* Preview Assets.xcassets */,
			);
			path = "Preview Content";
			sourceTree = "<group>";
		};
		A94C780C2B73904500430A54 /* Views */ = {
			isa = PBXGroup;
			children = (
				A904B9B22B9F437400820AE5 /* Favorites */,
				A94C78A82B84958500430A54 /* Settings */,
				A94C78A52B83A14800430A54 /* Authentication */,
				A94C78462B7E375700430A54 /* Analyze */,
				A94C78452B7E367200430A54 /* Feed */,
				A94C78272B75196900430A54 /* Threat */,
			);
			path = Views;
			sourceTree = "<group>";
		};
		A94C78132B73B6E300430A54 /* Repositories */ = {
			isa = PBXGroup;
			children = (
				A94C78142B73B76600430A54 /* PulseRepository.swift */,
				A99EBB3E2B908C4E00F0B699 /* RSSRepository.swift */,
			);
			path = Repositories;
			sourceTree = "<group>";
		};
		A94C78162B73B7B400430A54 /* Enums */ = {
			isa = PBXGroup;
			children = (
				A94C78172B73B7C000430A54 /* HTTPError.swift */,
			);
			path = Enums;
			sourceTree = "<group>";
		};
		A94C78192B73B9AB00430A54 /* Models */ = {
			isa = PBXGroup;
			children = (
				A99EBB462B90B14B00F0B699 /* RSS */,
				A94C78712B83A02200430A54 /* Firebase */,
				A94C78342B7E1FF900430A54 /* PulseModels */,
			);
			path = Models;
			sourceTree = "<group>";
		};
		A94C781C2B73BAD500430A54 /* ViewModels */ = {
			isa = PBXGroup;
			children = (
				A94C781D2B73BE2500430A54 /* PulseViewModel.swift */,
				A94C78592B839FAC00430A54 /* UserViewModel.swift */,
				A99EBB402B908CEF00F0B699 /* RSSViewModel.swift */,
			);
			path = ViewModels;
			sourceTree = "<group>";
		};
		A94C78272B75196900430A54 /* Threat */ = {
			isa = PBXGroup;
			children = (
				A94C78112B73909200430A54 /* ExploreView.swift */,
				A94C782A2B7A648F00430A54 /* ThreatListItemView.swift */,
				A94C78302B7B9F4D00430A54 /* ThreatDetailView.swift */,
			);
			path = Threat;
			sourceTree = "<group>";
		};
		A94C78342B7E1FF900430A54 /* PulseModels */ = {
			isa = PBXGroup;
			children = (
				A94C78372B7E217200430A54 /* Scan */,
				A94C78362B7E215200430A54 /* Threat */,
			);
			path = PulseModels;
			sourceTree = "<group>";
		};
		A94C78362B7E215200430A54 /* Threat */ = {
			isa = PBXGroup;
			children = (
				A94C78282B7A2E7D00430A54 /* Threat.swift */,
				A94C782E2B7B9C4000430A54 /* ThreatAttribute.swift */,
			);
			path = Threat;
			sourceTree = "<group>";
		};
		A94C78372B7E217200430A54 /* Scan */ = {
			isa = PBXGroup;
			children = (
				A94C781A2B73B9B600430A54 /* ScanResult.swift */,
				A94C781F2B73C36C00430A54 /* ScanData.swift */,
				A94C78212B73C51100430A54 /* RiskFactor.swift */,
				A94C78232B73C62600430A54 /* Attribute.swift */,
				A92B78E92B8F619E003FEF15 /* ScanResultThreat.swift */,
			);
			path = Scan;
			sourceTree = "<group>";
		};
		A94C78452B7E367200430A54 /* Feed */ = {
			isa = PBXGroup;
			children = (
				A94C78472B7E379300430A54 /* FeedListItemView.swift */,
				A99EBB422B90966500F0B699 /* RSSFeed.swift */,
			);
			path = Feed;
			sourceTree = "<group>";
		};
		A94C78462B7E375700430A54 /* Analyze */ = {
			isa = PBXGroup;
			children = (
				A94C78252B75126D00430A54 /* ScanResultDetailView.swift */,
				A94C780F2B73907800430A54 /* AnalyzeView.swift */,
			);
			path = Analyze;
			sourceTree = "<group>";
		};
		A94C78492B7E4E9F00430A54 /* Utils */ = {
			isa = PBXGroup;
			children = (
				A94C784A2B7E4EA900430A54 /* WebView.swift */,
				A9CAD90C2B87723D0067D7E7 /* Util.swift */,
			);
			path = Utils;
			sourceTree = "<group>";
		};
		A94C78712B83A02200430A54 /* Firebase */ = {
			isa = PBXGroup;
			children = (
				A94C78722B83A03E00430A54 /* FireUser.swift */,
			);
			path = Firebase;
			sourceTree = "<group>";
		};
		A94C78742B83A07800430A54 /* Managers */ = {
			isa = PBXGroup;
			children = (
				A94C78752B83A08600430A54 /* FirebaseManager.swift */,
			);
			path = Managers;
			sourceTree = "<group>";
		};
		A94C78A52B83A14800430A54 /* Authentication */ = {
			isa = PBXGroup;
			children = (
				A94C78A62B83A18D00430A54 /* AuthenticationView.swift */,
			);
			path = Authentication;
			sourceTree = "<group>";
		};
		A94C78A82B84958500430A54 /* Settings */ = {
			isa = PBXGroup;
			children = (
				A94C78A92B84959300430A54 /* SettingsView.swift */,
			);
			path = Settings;
			sourceTree = "<group>";
		};
		A99EBB342B90880E00F0B699 /* RedditRSS */ = {
			isa = PBXGroup;
			children = (
				A99EBB352B90887300F0B699 /* RedditFeed.swift */,
				A99EBB372B908AD600F0B699 /* Entry.swift */,
				A99EBB392B908B0600F0B699 /* Author.swift */,
				A99EBB442B90A1B900F0B699 /* EntryLink.swift */,
			);
			path = RedditRSS;
			sourceTree = "<group>";
		};
		A99EBB462B90B14B00F0B699 /* RSS */ = {
			isa = PBXGroup;
			children = (
				A99EBB342B90880E00F0B699 /* RedditRSS */,
				A99EBB472B90B16700F0B699 /* RSS.swift */,
				A99EBB492B90B18E00F0B699 /* Channel.swift */,
				A99EBB4B2B90B1D400F0B699 /* Item.swift */,
			);
			path = RSS;
			sourceTree = "<group>";
		};
/* End PBXGroup section */

/* Begin PBXNativeTarget section */
		A94C77FA2B738FCC00430A54 /* Pulse */ = {
			isa = PBXNativeTarget;
			buildConfigurationList = A94C78092B738FCD00430A54 /* Build configuration list for PBXNativeTarget "Pulse" */;
			buildPhases = (
				A94C77F72B738FCC00430A54 /* Sources */,
				A94C77F82B738FCC00430A54 /* Frameworks */,
				A94C77F92B738FCC00430A54 /* Resources */,
			);
			buildRules = (
			);
			dependencies = (
			);
			name = Pulse;
			packageProductDependencies = (
				A94C784F2B839DBE00430A54 /* FirebaseAnalytics */,
				A94C78512B839DBE00430A54 /* FirebaseAnalyticsOnDeviceConversion */,
				A94C78532B839DBE00430A54 /* FirebaseAnalyticsSwift */,
				A94C78552B839DBE00430A54 /* FirebaseAnalyticsWithoutAdIdSupport */,
				A94C78572B839DBE00430A54 /* FirebaseAppCheck */,
				A94C785B2B839FFE00430A54 /* FirebaseAnalytics */,
				A94C785D2B839FFE00430A54 /* FirebaseAnalyticsOnDeviceConversion */,
				A94C785F2B839FFE00430A54 /* FirebaseAnalyticsSwift */,
				A94C78612B839FFE00430A54 /* FirebaseAnalyticsWithoutAdIdSupport */,
				A94C78632B839FFE00430A54 /* FirebaseAppCheck */,
				A94C78652B839FFE00430A54 /* FirebaseAppDistribution-Beta */,
				A94C78672B839FFE00430A54 /* FirebaseAuth */,
				A94C78692B839FFE00430A54 /* FirebaseAuthCombine-Community */,
				A94C786B2B839FFE00430A54 /* FirebaseCrashlytics */,
				A94C786D2B839FFE00430A54 /* FirebaseDatabase */,
				A94C786F2B839FFE00430A54 /* FirebaseDatabaseSwift */,
				A94C78772B83A11F00430A54 /* FirebaseAnalytics */,
				A94C78792B83A11F00430A54 /* FirebaseAnalyticsOnDeviceConversion */,
				A94C787B2B83A11F00430A54 /* FirebaseAnalyticsSwift */,
				A94C787D2B83A11F00430A54 /* FirebaseAnalyticsWithoutAdIdSupport */,
				A94C787F2B83A11F00430A54 /* FirebaseAppCheck */,
				A94C78812B83A11F00430A54 /* FirebaseAppDistribution-Beta */,
				A94C78832B83A11F00430A54 /* FirebaseAuth */,
				A94C78852B83A11F00430A54 /* FirebaseAuthCombine-Community */,
				A94C78872B83A11F00430A54 /* FirebaseCrashlytics */,
				A94C78892B83A11F00430A54 /* FirebaseDatabase */,
				A94C788B2B83A11F00430A54 /* FirebaseDatabaseSwift */,
				A94C788D2B83A11F00430A54 /* FirebaseDynamicLinks */,
				A94C788F2B83A11F00430A54 /* FirebaseFirestore */,
				A94C78912B83A11F00430A54 /* FirebaseFirestoreCombine-Community */,
				A94C78932B83A11F00430A54 /* FirebaseFirestoreSwift */,
				A94C78952B83A11F00430A54 /* FirebaseFunctions */,
				A94C78972B83A11F00430A54 /* FirebaseFunctionsCombine-Community */,
				A94C78992B83A11F00430A54 /* FirebaseInAppMessaging-Beta */,
				A94C789B2B83A11F00430A54 /* FirebaseInAppMessagingSwift-Beta */,
				A94C789D2B83A11F00430A54 /* FirebaseInstallations */,
				A94C789F2B83A11F00430A54 /* FirebaseMLModelDownloader */,
				A94C78A12B83A11F00430A54 /* FirebaseMessaging */,
				A94C78A32B83A11F00430A54 /* FirebasePerformance */,
				A99EBB3C2B908C2400F0B699 /* XMLCoder */,
			);
			productName = Pulse;
			productReference = A94C77FB2B738FCC00430A54 /* Pulse.app */;
			productType = "com.apple.product-type.application";
		};
/* End PBXNativeTarget section */

/* Begin PBXProject section */
		A94C77F32B738FCC00430A54 /* Project object */ = {
			isa = PBXProject;
			attributes = {
				BuildIndependentTargetsInParallel = 1;
				LastSwiftUpdateCheck = 1500;
				LastUpgradeCheck = 1500;
				TargetAttributes = {
					A94C77FA2B738FCC00430A54 = {
						CreatedOnToolsVersion = 15.0.1;
					};
				};
			};
			buildConfigurationList = A94C77F62B738FCC00430A54 /* Build configuration list for PBXProject "Pulse" */;
			compatibilityVersion = "Xcode 14.0";
			developmentRegion = en;
			hasScannedForEncodings = 0;
			knownRegions = (
				en,
				Base,
			);
			mainGroup = A94C77F22B738FCC00430A54;
			packageReferences = (
				A94C784E2B839DBE00430A54 /* XCRemoteSwiftPackageReference "firebase-ios-sdk" */,
				A99EBB3B2B908C2400F0B699 /* XCRemoteSwiftPackageReference "XMLCoder" */,
			);
			productRefGroup = A94C77FC2B738FCC00430A54 /* Products */;
			projectDirPath = "";
			projectRoot = "";
			targets = (
				A94C77FA2B738FCC00430A54 /* Pulse */,
			);
		};
/* End PBXProject section */

/* Begin PBXResourcesBuildPhase section */
		A94C77F92B738FCC00430A54 /* Resources */ = {
			isa = PBXResourcesBuildPhase;
			buildActionMask = 2147483647;
			files = (
				A94C78062B738FCD00430A54 /* Preview Assets.xcassets in Resources */,
				A94C78032B738FCD00430A54 /* Assets.xcassets in Resources */,
				A94C784D2B839D6C00430A54 /* GoogleService-Info.plist in Resources */,
			);
			runOnlyForDeploymentPostprocessing = 0;
		};
/* End PBXResourcesBuildPhase section */

/* Begin PBXSourcesBuildPhase section */
		A94C77F72B738FCC00430A54 /* Sources */ = {
			isa = PBXSourcesBuildPhase;
			buildActionMask = 2147483647;
			files = (
				A99EBB3F2B908C4E00F0B699 /* RSSRepository.swift in Sources */,
				A94C78762B83A08600430A54 /* FirebaseManager.swift in Sources */,
				A94C781B2B73B9B600430A54 /* ScanResult.swift in Sources */,
				A94C785A2B839FAC00430A54 /* UserViewModel.swift in Sources */,
				A94C784B2B7E4EA900430A54 /* WebView.swift in Sources */,
				A99EBB412B908CEF00F0B699 /* RSSViewModel.swift in Sources */,
				A94C78292B7A2E7D00430A54 /* Threat.swift in Sources */,
				A94C78A72B83A18D00430A54 /* AuthenticationView.swift in Sources */,
				A9CAD90D2B87723D0067D7E7 /* Util.swift in Sources */,
				A94C78482B7E379300430A54 /* FeedListItemView.swift in Sources */,
				A94C78012B738FCC00430A54 /* ContentView.swift in Sources */,
				A94C781E2B73BE2500430A54 /* PulseViewModel.swift in Sources */,
				A99EBB432B90966500F0B699 /* RSSFeed.swift in Sources */,
				A94C78152B73B76600430A54 /* PulseRepository.swift in Sources */,
				A94C78202B73C36C00430A54 /* ScanData.swift in Sources */,
				A99EBB4A2B90B18E00F0B699 /* Channel.swift in Sources */,
				A904B9B42B9F43C900820AE5 /* FavoriteView.swift in Sources */,
				A94C782B2B7A648F00430A54 /* ThreatListItemView.swift in Sources */,
				A94C78262B75126D00430A54 /* ScanResultDetailView.swift in Sources */,
				A94C78222B73C51100430A54 /* RiskFactor.swift in Sources */,
				A99EBB4C2B90B1D400F0B699 /* Item.swift in Sources */,
				A94C78242B73C62600430A54 /* Attribute.swift in Sources */,
				A99EBB452B90A1B900F0B699 /* EntryLink.swift in Sources */,
				A94C78312B7B9F4D00430A54 /* ThreatDetailView.swift in Sources */,
				A99EBB3A2B908B0600F0B699 /* Author.swift in Sources */,
				A94C78182B73B7C000430A54 /* HTTPError.swift in Sources */,
				A99EBB362B90887300F0B699 /* RedditFeed.swift in Sources */,
				A94C782F2B7B9C4000430A54 /* ThreatAttribute.swift in Sources */,
				A94C78AA2B84959300430A54 /* SettingsView.swift in Sources */,
				A99EBB382B908AD600F0B699 /* Entry.swift in Sources */,
				A94C77FF2B738FCC00430A54 /* PulseApp.swift in Sources */,
				A94C78102B73907800430A54 /* AnalyzeView.swift in Sources */,
				A94C78732B83A03E00430A54 /* FireUser.swift in Sources */,
				A94C78122B73909200430A54 /* ExploreView.swift in Sources */,
				A99EBB482B90B16700F0B699 /* RSS.swift in Sources */,
				A92B78EA2B8F619E003FEF15 /* ScanResultThreat.swift in Sources */,
			);
			runOnlyForDeploymentPostprocessing = 0;
		};
/* End PBXSourcesBuildPhase section */

/* Begin XCBuildConfiguration section */
		A94C78072B738FCD00430A54 /* Debug */ = {
			isa = XCBuildConfiguration;
			buildSettings = {
				ALWAYS_SEARCH_USER_PATHS = NO;
				ASSETCATALOG_COMPILER_GENERATE_SWIFT_ASSET_SYMBOL_EXTENSIONS = YES;
				CLANG_ANALYZER_NONNULL = YES;
				CLANG_ANALYZER_NUMBER_OBJECT_CONVERSION = YES_AGGRESSIVE;
				CLANG_CXX_LANGUAGE_STANDARD = "gnu++20";
				CLANG_ENABLE_MODULES = YES;
				CLANG_ENABLE_OBJC_ARC = YES;
				CLANG_ENABLE_OBJC_WEAK = YES;
				CLANG_WARN_BLOCK_CAPTURE_AUTORELEASING = YES;
				CLANG_WARN_BOOL_CONVERSION = YES;
				CLANG_WARN_COMMA = YES;
				CLANG_WARN_CONSTANT_CONVERSION = YES;
				CLANG_WARN_DEPRECATED_OBJC_IMPLEMENTATIONS = YES;
				CLANG_WARN_DIRECT_OBJC_ISA_USAGE = YES_ERROR;
				CLANG_WARN_DOCUMENTATION_COMMENTS = YES;
				CLANG_WARN_EMPTY_BODY = YES;
				CLANG_WARN_ENUM_CONVERSION = YES;
				CLANG_WARN_INFINITE_RECURSION = YES;
				CLANG_WARN_INT_CONVERSION = YES;
				CLANG_WARN_NON_LITERAL_NULL_CONVERSION = YES;
				CLANG_WARN_OBJC_IMPLICIT_RETAIN_SELF = YES;
				CLANG_WARN_OBJC_LITERAL_CONVERSION = YES;
				CLANG_WARN_OBJC_ROOT_CLASS = YES_ERROR;
				CLANG_WARN_QUOTED_INCLUDE_IN_FRAMEWORK_HEADER = YES;
				CLANG_WARN_RANGE_LOOP_ANALYSIS = YES;
				CLANG_WARN_STRICT_PROTOTYPES = YES;
				CLANG_WARN_SUSPICIOUS_MOVE = YES;
				CLANG_WARN_UNGUARDED_AVAILABILITY = YES_AGGRESSIVE;
				CLANG_WARN_UNREACHABLE_CODE = YES;
				CLANG_WARN__DUPLICATE_METHOD_MATCH = YES;
				COPY_PHASE_STRIP = NO;
				DEBUG_INFORMATION_FORMAT = dwarf;
				ENABLE_STRICT_OBJC_MSGSEND = YES;
				ENABLE_TESTABILITY = YES;
				ENABLE_USER_SCRIPT_SANDBOXING = YES;
				GCC_C_LANGUAGE_STANDARD = gnu17;
				GCC_DYNAMIC_NO_PIC = NO;
				GCC_NO_COMMON_BLOCKS = YES;
				GCC_OPTIMIZATION_LEVEL = 0;
				GCC_PREPROCESSOR_DEFINITIONS = (
					"DEBUG=1",
					"$(inherited)",
				);
				GCC_WARN_64_TO_32_BIT_CONVERSION = YES;
				GCC_WARN_ABOUT_RETURN_TYPE = YES_ERROR;
				GCC_WARN_UNDECLARED_SELECTOR = YES;
				GCC_WARN_UNINITIALIZED_AUTOS = YES_AGGRESSIVE;
				GCC_WARN_UNUSED_FUNCTION = YES;
				GCC_WARN_UNUSED_VARIABLE = YES;
				IPHONEOS_DEPLOYMENT_TARGET = 17.0;
				LOCALIZATION_PREFERS_STRING_CATALOGS = YES;
				MTL_ENABLE_DEBUG_INFO = INCLUDE_SOURCE;
				MTL_FAST_MATH = YES;
				ONLY_ACTIVE_ARCH = YES;
				SDKROOT = iphoneos;
				SWIFT_ACTIVE_COMPILATION_CONDITIONS = "DEBUG $(inherited)";
				SWIFT_OPTIMIZATION_LEVEL = "-Onone";
			};
			name = Debug;
		};
		A94C78082B738FCD00430A54 /* Release */ = {
			isa = XCBuildConfiguration;
			buildSettings = {
				ALWAYS_SEARCH_USER_PATHS = NO;
				ASSETCATALOG_COMPILER_GENERATE_SWIFT_ASSET_SYMBOL_EXTENSIONS = YES;
				CLANG_ANALYZER_NONNULL = YES;
				CLANG_ANALYZER_NUMBER_OBJECT_CONVERSION = YES_AGGRESSIVE;
				CLANG_CXX_LANGUAGE_STANDARD = "gnu++20";
				CLANG_ENABLE_MODULES = YES;
				CLANG_ENABLE_OBJC_ARC = YES;
				CLANG_ENABLE_OBJC_WEAK = YES;
				CLANG_WARN_BLOCK_CAPTURE_AUTORELEASING = YES;
				CLANG_WARN_BOOL_CONVERSION = YES;
				CLANG_WARN_COMMA = YES;
				CLANG_WARN_CONSTANT_CONVERSION = YES;
				CLANG_WARN_DEPRECATED_OBJC_IMPLEMENTATIONS = YES;
				CLANG_WARN_DIRECT_OBJC_ISA_USAGE = YES_ERROR;
				CLANG_WARN_DOCUMENTATION_COMMENTS = YES;
				CLANG_WARN_EMPTY_BODY = YES;
				CLANG_WARN_ENUM_CONVERSION = YES;
				CLANG_WARN_INFINITE_RECURSION = YES;
				CLANG_WARN_INT_CONVERSION = YES;
				CLANG_WARN_NON_LITERAL_NULL_CONVERSION = YES;
				CLANG_WARN_OBJC_IMPLICIT_RETAIN_SELF = YES;
				CLANG_WARN_OBJC_LITERAL_CONVERSION = YES;
				CLANG_WARN_OBJC_ROOT_CLASS = YES_ERROR;
				CLANG_WARN_QUOTED_INCLUDE_IN_FRAMEWORK_HEADER = YES;
				CLANG_WARN_RANGE_LOOP_ANALYSIS = YES;
				CLANG_WARN_STRICT_PROTOTYPES = YES;
				CLANG_WARN_SUSPICIOUS_MOVE = YES;
				CLANG_WARN_UNGUARDED_AVAILABILITY = YES_AGGRESSIVE;
				CLANG_WARN_UNREACHABLE_CODE = YES;
				CLANG_WARN__DUPLICATE_METHOD_MATCH = YES;
				COPY_PHASE_STRIP = NO;
				DEBUG_INFORMATION_FORMAT = "dwarf-with-dsym";
				ENABLE_NS_ASSERTIONS = NO;
				ENABLE_STRICT_OBJC_MSGSEND = YES;
				ENABLE_USER_SCRIPT_SANDBOXING = YES;
				GCC_C_LANGUAGE_STANDARD = gnu17;
				GCC_NO_COMMON_BLOCKS = YES;
				GCC_WARN_64_TO_32_BIT_CONVERSION = YES;
				GCC_WARN_ABOUT_RETURN_TYPE = YES_ERROR;
				GCC_WARN_UNDECLARED_SELECTOR = YES;
				GCC_WARN_UNINITIALIZED_AUTOS = YES_AGGRESSIVE;
				GCC_WARN_UNUSED_FUNCTION = YES;
				GCC_WARN_UNUSED_VARIABLE = YES;
				IPHONEOS_DEPLOYMENT_TARGET = 17.0;
				LOCALIZATION_PREFERS_STRING_CATALOGS = YES;
				MTL_ENABLE_DEBUG_INFO = NO;
				MTL_FAST_MATH = YES;
				SDKROOT = iphoneos;
				SWIFT_COMPILATION_MODE = wholemodule;
				VALIDATE_PRODUCT = YES;
			};
			name = Release;
		};
		A94C780A2B738FCD00430A54 /* Debug */ = {
			isa = XCBuildConfiguration;
			buildSettings = {
				ASSETCATALOG_COMPILER_APPICON_NAME = AppIcon;
				ASSETCATALOG_COMPILER_GLOBAL_ACCENT_COLOR_NAME = AccentColor;
				CODE_SIGN_STYLE = Automatic;
				CURRENT_PROJECT_VERSION = 1;
				DEVELOPMENT_ASSET_PATHS = "\"Pulse/Preview Content\"";
				ENABLE_PREVIEWS = YES;
				GENERATE_INFOPLIST_FILE = YES;
				INFOPLIST_KEY_UIApplicationSceneManifest_Generation = YES;
				INFOPLIST_KEY_UIApplicationSupportsIndirectInputEvents = YES;
				INFOPLIST_KEY_UILaunchScreen_Generation = YES;
				INFOPLIST_KEY_UISupportedInterfaceOrientations_iPad = "UIInterfaceOrientationPortrait UIInterfaceOrientationPortraitUpsideDown UIInterfaceOrientationLandscapeLeft UIInterfaceOrientationLandscapeRight";
				INFOPLIST_KEY_UISupportedInterfaceOrientations_iPhone = "UIInterfaceOrientationPortrait UIInterfaceOrientationLandscapeLeft UIInterfaceOrientationLandscapeRight";
				LD_RUNPATH_SEARCH_PATHS = (
					"$(inherited)",
					"@executable_path/Frameworks",
				);
				MARKETING_VERSION = 1.0;
				PRODUCT_BUNDLE_IDENTIFIER = com.noctrise.Pulse;
				PRODUCT_NAME = "$(TARGET_NAME)";
				SWIFT_EMIT_LOC_STRINGS = YES;
				SWIFT_VERSION = 5.0;
				TARGETED_DEVICE_FAMILY = "1,2";
			};
			name = Debug;
		};
		A94C780B2B738FCD00430A54 /* Release */ = {
			isa = XCBuildConfiguration;
			buildSettings = {
				ASSETCATALOG_COMPILER_APPICON_NAME = AppIcon;
				ASSETCATALOG_COMPILER_GLOBAL_ACCENT_COLOR_NAME = AccentColor;
				CODE_SIGN_STYLE = Automatic;
				CURRENT_PROJECT_VERSION = 1;
				DEVELOPMENT_ASSET_PATHS = "\"Pulse/Preview Content\"";
				ENABLE_PREVIEWS = YES;
				GENERATE_INFOPLIST_FILE = YES;
				INFOPLIST_KEY_UIApplicationSceneManifest_Generation = YES;
				INFOPLIST_KEY_UIApplicationSupportsIndirectInputEvents = YES;
				INFOPLIST_KEY_UILaunchScreen_Generation = YES;
				INFOPLIST_KEY_UISupportedInterfaceOrientations_iPad = "UIInterfaceOrientationPortrait UIInterfaceOrientationPortraitUpsideDown UIInterfaceOrientationLandscapeLeft UIInterfaceOrientationLandscapeRight";
				INFOPLIST_KEY_UISupportedInterfaceOrientations_iPhone = "UIInterfaceOrientationPortrait UIInterfaceOrientationLandscapeLeft UIInterfaceOrientationLandscapeRight";
				LD_RUNPATH_SEARCH_PATHS = (
					"$(inherited)",
					"@executable_path/Frameworks",
				);
				MARKETING_VERSION = 1.0;
				PRODUCT_BUNDLE_IDENTIFIER = com.noctrise.Pulse;
				PRODUCT_NAME = "$(TARGET_NAME)";
				SWIFT_EMIT_LOC_STRINGS = YES;
				SWIFT_VERSION = 5.0;
				TARGETED_DEVICE_FAMILY = "1,2";
			};
			name = Release;
		};
/* End XCBuildConfiguration section */

/* Begin XCConfigurationList section */
		A94C77F62B738FCC00430A54 /* Build configuration list for PBXProject "Pulse" */ = {
			isa = XCConfigurationList;
			buildConfigurations = (
				A94C78072B738FCD00430A54 /* Debug */,
				A94C78082B738FCD00430A54 /* Release */,
			);
			defaultConfigurationIsVisible = 0;
			defaultConfigurationName = Release;
		};
		A94C78092B738FCD00430A54 /* Build configuration list for PBXNativeTarget "Pulse" */ = {
			isa = XCConfigurationList;
			buildConfigurations = (
				A94C780A2B738FCD00430A54 /* Debug */,
				A94C780B2B738FCD00430A54 /* Release */,
			);
			defaultConfigurationIsVisible = 0;
			defaultConfigurationName = Release;
		};
/* End XCConfigurationList section */

/* Begin XCRemoteSwiftPackageReference section */
		A94C784E2B839DBE00430A54 /* XCRemoteSwiftPackageReference "firebase-ios-sdk" */ = {
			isa = XCRemoteSwiftPackageReference;
			repositoryURL = "https://github.com/firebase/firebase-ios-sdk";
			requirement = {
				kind = upToNextMajorVersion;
				minimumVersion = 10.21.0;
			};
		};
		A99EBB3B2B908C2400F0B699 /* XCRemoteSwiftPackageReference "XMLCoder" */ = {
			isa = XCRemoteSwiftPackageReference;
			repositoryURL = "https://github.com/CoreOffice/XMLCoder";
			requirement = {
				kind = upToNextMajorVersion;
				minimumVersion = 0.17.1;
			};
		};
/* End XCRemoteSwiftPackageReference section */

/* Begin XCSwiftPackageProductDependency section */
		A94C784F2B839DBE00430A54 /* FirebaseAnalytics */ = {
			isa = XCSwiftPackageProductDependency;
			package = A94C784E2B839DBE00430A54 /* XCRemoteSwiftPackageReference "firebase-ios-sdk" */;
			productName = FirebaseAnalytics;
		};
		A94C78512B839DBE00430A54 /* FirebaseAnalyticsOnDeviceConversion */ = {
			isa = XCSwiftPackageProductDependency;
			package = A94C784E2B839DBE00430A54 /* XCRemoteSwiftPackageReference "firebase-ios-sdk" */;
			productName = FirebaseAnalyticsOnDeviceConversion;
		};
		A94C78532B839DBE00430A54 /* FirebaseAnalyticsSwift */ = {
			isa = XCSwiftPackageProductDependency;
			package = A94C784E2B839DBE00430A54 /* XCRemoteSwiftPackageReference "firebase-ios-sdk" */;
			productName = FirebaseAnalyticsSwift;
		};
		A94C78552B839DBE00430A54 /* FirebaseAnalyticsWithoutAdIdSupport */ = {
			isa = XCSwiftPackageProductDependency;
			package = A94C784E2B839DBE00430A54 /* XCRemoteSwiftPackageReference "firebase-ios-sdk" */;
			productName = FirebaseAnalyticsWithoutAdIdSupport;
		};
		A94C78572B839DBE00430A54 /* FirebaseAppCheck */ = {
			isa = XCSwiftPackageProductDependency;
			package = A94C784E2B839DBE00430A54 /* XCRemoteSwiftPackageReference "firebase-ios-sdk" */;
			productName = FirebaseAppCheck;
		};
		A94C785B2B839FFE00430A54 /* FirebaseAnalytics */ = {
			isa = XCSwiftPackageProductDependency;
			package = A94C784E2B839DBE00430A54 /* XCRemoteSwiftPackageReference "firebase-ios-sdk" */;
			productName = FirebaseAnalytics;
		};
		A94C785D2B839FFE00430A54 /* FirebaseAnalyticsOnDeviceConversion */ = {
			isa = XCSwiftPackageProductDependency;
			package = A94C784E2B839DBE00430A54 /* XCRemoteSwiftPackageReference "firebase-ios-sdk" */;
			productName = FirebaseAnalyticsOnDeviceConversion;
		};
		A94C785F2B839FFE00430A54 /* FirebaseAnalyticsSwift */ = {
			isa = XCSwiftPackageProductDependency;
			package = A94C784E2B839DBE00430A54 /* XCRemoteSwiftPackageReference "firebase-ios-sdk" */;
			productName = FirebaseAnalyticsSwift;
		};
		A94C78612B839FFE00430A54 /* FirebaseAnalyticsWithoutAdIdSupport */ = {
			isa = XCSwiftPackageProductDependency;
			package = A94C784E2B839DBE00430A54 /* XCRemoteSwiftPackageReference "firebase-ios-sdk" */;
			productName = FirebaseAnalyticsWithoutAdIdSupport;
		};
		A94C78632B839FFE00430A54 /* FirebaseAppCheck */ = {
			isa = XCSwiftPackageProductDependency;
			package = A94C784E2B839DBE00430A54 /* XCRemoteSwiftPackageReference "firebase-ios-sdk" */;
			productName = FirebaseAppCheck;
		};
		A94C78652B839FFE00430A54 /* FirebaseAppDistribution-Beta */ = {
			isa = XCSwiftPackageProductDependency;
			package = A94C784E2B839DBE00430A54 /* XCRemoteSwiftPackageReference "firebase-ios-sdk" */;
			productName = "FirebaseAppDistribution-Beta";
		};
		A94C78672B839FFE00430A54 /* FirebaseAuth */ = {
			isa = XCSwiftPackageProductDependency;
			package = A94C784E2B839DBE00430A54 /* XCRemoteSwiftPackageReference "firebase-ios-sdk" */;
			productName = FirebaseAuth;
		};
		A94C78692B839FFE00430A54 /* FirebaseAuthCombine-Community */ = {
			isa = XCSwiftPackageProductDependency;
			package = A94C784E2B839DBE00430A54 /* XCRemoteSwiftPackageReference "firebase-ios-sdk" */;
			productName = "FirebaseAuthCombine-Community";
		};
		A94C786B2B839FFE00430A54 /* FirebaseCrashlytics */ = {
			isa = XCSwiftPackageProductDependency;
			package = A94C784E2B839DBE00430A54 /* XCRemoteSwiftPackageReference "firebase-ios-sdk" */;
			productName = FirebaseCrashlytics;
		};
		A94C786D2B839FFE00430A54 /* FirebaseDatabase */ = {
			isa = XCSwiftPackageProductDependency;
			package = A94C784E2B839DBE00430A54 /* XCRemoteSwiftPackageReference "firebase-ios-sdk" */;
			productName = FirebaseDatabase;
		};
		A94C786F2B839FFE00430A54 /* FirebaseDatabaseSwift */ = {
			isa = XCSwiftPackageProductDependency;
			package = A94C784E2B839DBE00430A54 /* XCRemoteSwiftPackageReference "firebase-ios-sdk" */;
			productName = FirebaseDatabaseSwift;
		};
		A94C78772B83A11F00430A54 /* FirebaseAnalytics */ = {
			isa = XCSwiftPackageProductDependency;
			package = A94C784E2B839DBE00430A54 /* XCRemoteSwiftPackageReference "firebase-ios-sdk" */;
			productName = FirebaseAnalytics;
		};
		A94C78792B83A11F00430A54 /* FirebaseAnalyticsOnDeviceConversion */ = {
			isa = XCSwiftPackageProductDependency;
			package = A94C784E2B839DBE00430A54 /* XCRemoteSwiftPackageReference "firebase-ios-sdk" */;
			productName = FirebaseAnalyticsOnDeviceConversion;
		};
		A94C787B2B83A11F00430A54 /* FirebaseAnalyticsSwift */ = {
			isa = XCSwiftPackageProductDependency;
			package = A94C784E2B839DBE00430A54 /* XCRemoteSwiftPackageReference "firebase-ios-sdk" */;
			productName = FirebaseAnalyticsSwift;
		};
		A94C787D2B83A11F00430A54 /* FirebaseAnalyticsWithoutAdIdSupport */ = {
			isa = XCSwiftPackageProductDependency;
			package = A94C784E2B839DBE00430A54 /* XCRemoteSwiftPackageReference "firebase-ios-sdk" */;
			productName = FirebaseAnalyticsWithoutAdIdSupport;
		};
		A94C787F2B83A11F00430A54 /* FirebaseAppCheck */ = {
			isa = XCSwiftPackageProductDependency;
			package = A94C784E2B839DBE00430A54 /* XCRemoteSwiftPackageReference "firebase-ios-sdk" */;
			productName = FirebaseAppCheck;
		};
		A94C78812B83A11F00430A54 /* FirebaseAppDistribution-Beta */ = {
			isa = XCSwiftPackageProductDependency;
			package = A94C784E2B839DBE00430A54 /* XCRemoteSwiftPackageReference "firebase-ios-sdk" */;
			productName = "FirebaseAppDistribution-Beta";
		};
		A94C78832B83A11F00430A54 /* FirebaseAuth */ = {
			isa = XCSwiftPackageProductDependency;
			package = A94C784E2B839DBE00430A54 /* XCRemoteSwiftPackageReference "firebase-ios-sdk" */;
			productName = FirebaseAuth;
		};
		A94C78852B83A11F00430A54 /* FirebaseAuthCombine-Community */ = {
			isa = XCSwiftPackageProductDependency;
			package = A94C784E2B839DBE00430A54 /* XCRemoteSwiftPackageReference "firebase-ios-sdk" */;
			productName = "FirebaseAuthCombine-Community";
		};
		A94C78872B83A11F00430A54 /* FirebaseCrashlytics */ = {
			isa = XCSwiftPackageProductDependency;
			package = A94C784E2B839DBE00430A54 /* XCRemoteSwiftPackageReference "firebase-ios-sdk" */;
			productName = FirebaseCrashlytics;
		};
		A94C78892B83A11F00430A54 /* FirebaseDatabase */ = {
			isa = XCSwiftPackageProductDependency;
			package = A94C784E2B839DBE00430A54 /* XCRemoteSwiftPackageReference "firebase-ios-sdk" */;
			productName = FirebaseDatabase;
		};
		A94C788B2B83A11F00430A54 /* FirebaseDatabaseSwift */ = {
			isa = XCSwiftPackageProductDependency;
			package = A94C784E2B839DBE00430A54 /* XCRemoteSwiftPackageReference "firebase-ios-sdk" */;
			productName = FirebaseDatabaseSwift;
		};
		A94C788D2B83A11F00430A54 /* FirebaseDynamicLinks */ = {
			isa = XCSwiftPackageProductDependency;
			package = A94C784E2B839DBE00430A54 /* XCRemoteSwiftPackageReference "firebase-ios-sdk" */;
			productName = FirebaseDynamicLinks;
		};
		A94C788F2B83A11F00430A54 /* FirebaseFirestore */ = {
			isa = XCSwiftPackageProductDependency;
			package = A94C784E2B839DBE00430A54 /* XCRemoteSwiftPackageReference "firebase-ios-sdk" */;
			productName = FirebaseFirestore;
		};
		A94C78912B83A11F00430A54 /* FirebaseFirestoreCombine-Community */ = {
			isa = XCSwiftPackageProductDependency;
			package = A94C784E2B839DBE00430A54 /* XCRemoteSwiftPackageReference "firebase-ios-sdk" */;
			productName = "FirebaseFirestoreCombine-Community";
		};
		A94C78932B83A11F00430A54 /* FirebaseFirestoreSwift */ = {
			isa = XCSwiftPackageProductDependency;
			package = A94C784E2B839DBE00430A54 /* XCRemoteSwiftPackageReference "firebase-ios-sdk" */;
			productName = FirebaseFirestoreSwift;
		};
		A94C78952B83A11F00430A54 /* FirebaseFunctions */ = {
			isa = XCSwiftPackageProductDependency;
			package = A94C784E2B839DBE00430A54 /* XCRemoteSwiftPackageReference "firebase-ios-sdk" */;
			productName = FirebaseFunctions;
		};
		A94C78972B83A11F00430A54 /* FirebaseFunctionsCombine-Community */ = {
			isa = XCSwiftPackageProductDependency;
			package = A94C784E2B839DBE00430A54 /* XCRemoteSwiftPackageReference "firebase-ios-sdk" */;
			productName = "FirebaseFunctionsCombine-Community";
		};
		A94C78992B83A11F00430A54 /* FirebaseInAppMessaging-Beta */ = {
			isa = XCSwiftPackageProductDependency;
			package = A94C784E2B839DBE00430A54 /* XCRemoteSwiftPackageReference "firebase-ios-sdk" */;
			productName = "FirebaseInAppMessaging-Beta";
		};
		A94C789B2B83A11F00430A54 /* FirebaseInAppMessagingSwift-Beta */ = {
			isa = XCSwiftPackageProductDependency;
			package = A94C784E2B839DBE00430A54 /* XCRemoteSwiftPackageReference "firebase-ios-sdk" */;
			productName = "FirebaseInAppMessagingSwift-Beta";
		};
		A94C789D2B83A11F00430A54 /* FirebaseInstallations */ = {
			isa = XCSwiftPackageProductDependency;
			package = A94C784E2B839DBE00430A54 /* XCRemoteSwiftPackageReference "firebase-ios-sdk" */;
			productName = FirebaseInstallations;
		};
		A94C789F2B83A11F00430A54 /* FirebaseMLModelDownloader */ = {
			isa = XCSwiftPackageProductDependency;
			package = A94C784E2B839DBE00430A54 /* XCRemoteSwiftPackageReference "firebase-ios-sdk" */;
			productName = FirebaseMLModelDownloader;
		};
		A94C78A12B83A11F00430A54 /* FirebaseMessaging */ = {
			isa = XCSwiftPackageProductDependency;
			package = A94C784E2B839DBE00430A54 /* XCRemoteSwiftPackageReference "firebase-ios-sdk" */;
			productName = FirebaseMessaging;
		};
		A94C78A32B83A11F00430A54 /* FirebasePerformance */ = {
			isa = XCSwiftPackageProductDependency;
			package = A94C784E2B839DBE00430A54 /* XCRemoteSwiftPackageReference "firebase-ios-sdk" */;
			productName = FirebasePerformance;
		};
		A99EBB3C2B908C2400F0B699 /* XMLCoder */ = {
			isa = XCSwiftPackageProductDependency;
			package = A99EBB3B2B908C2400F0B699 /* XCRemoteSwiftPackageReference "XMLCoder" */;
			productName = XMLCoder;
		};
/* End XCSwiftPackageProductDependency section */
	};
	rootObject = A94C77F32B738FCC00430A54 /* Project object */;
}
